
Microsoft Visual Studio Solution File, Format Version 12.00
# Visual Studio Version 16
VisualStudioVersion = 16.0.30804.86
MinimumVisualStudioVersion = 10.0.40219.1
Project("{9A19103F-16F7-4668-BE54-9A1E7A4F7556}") = "Lab01", "Lab01\Lab01.csproj", "{22E4DCFA-1C8E-4520-8BBA-89EA2BE92622}"
EndProject
Project("{9A19103F-16F7-4668-BE54-9A1E7A4F7556}") = "Lab02", "Lab02\Lab02.csproj", "{E02AA093-A26D-42BB-84CE-5421BEB49F0D}"
EndProject
Project("{9A19103F-16F7-4668-BE54-9A1E7A4F7556}") = "Lab03", "Lab03\Lab03.csproj", "{8967AA80-2C6C-4D72-A37D-C869D37CBA9F}"
EndProject
Project("{9A19103F-16F7-4668-BE54-9A1E7A4F7556}") = "ServiceLibrary", "ServiceLibrary\ServiceLibrary.csproj", "{061F32F4-484C-42EE-90B1-444277C72425}"
EndProject
Project("{9A19103F-16F7-4668-BE54-9A1E7A4F7556}") = "Lab04", "Lab04\Lab04.csproj", "{213123AB-224D-48A4-8F2F-E1944076C62E}"
EndProject
Project("{9A19103F-16F7-4668-BE54-9A1E7A4F7556}") = "Lab05", "Lab05\Lab05.csproj", "{7303A03D-C48C-408A-8ABE-FDD9B720BDE0}"
EndProject
Project("{9A19103F-16F7-4668-BE54-9A1E7A4F7556}") = "Lab06", "Lab06\Lab06.csproj", "{2CA3DAA1-0471-4CC9-8CA4-4D239AD229DF}"
EndProject
Project("{FAE04EC0-301F-11D3-BF4B-00C04F79EFBC}") = "Lab07", "Lab07\Lab07.csproj", "{DC0BC440-48EE-401F-A5FB-93ED56333196}"
EndProject
Global
	GlobalSection(SolutionConfigurationPlatforms) = preSolution
		Debug|Any CPU = Debug|Any CPU
		Release|Any CPU = Release|Any CPU
	EndGlobalSection
	GlobalSection(ProjectConfigurationPlatforms) = postSolution
		{22E4DCFA-1C8E-4520-8BBA-89EA2BE92622}.Debug|Any CPU.ActiveCfg = Debug|Any CPU
		{22E4DCFA-1C8E-4520-8BBA-89EA2BE92622}.Debug|Any CPU.Build.0 = Debug|Any CPU
		{22E4DCFA-1C8E-4520-8BBA-89EA2BE92622}.Release|Any CPU.ActiveCfg = Release|Any CPU
		{22E4DCFA-1C8E-4520-8BBA-89EA2BE92622}.Release|Any CPU.Build.0 = Release|Any CPU
		{E02AA093-A26D-42BB-84CE-5421BEB49F0D}.Debug|Any CPU.ActiveCfg = Debug|Any CPU
		{E02AA093-A26D-42BB-84CE-5421BEB49F0D}.Debug|Any CPU.Build.0 = Debug|Any CPU
		{E02AA093-A26D-42BB-84CE-5421BEB49F0D}.Release|Any CPU.ActiveCfg = Release|Any CPU
		{E02AA093-A26D-42BB-84CE-5421BEB49F0D}.Release|Any CPU.Build.0 = Release|Any CPU
		{8967AA80-2C6C-4D72-A37D-C869D37CBA9F}.Debug|Any CPU.ActiveCfg = Debug|Any CPU
		{8967AA80-2C6C-4D72-A37D-C869D37CBA9F}.Debug|Any CPU.Build.0 = Debug|Any CPU
		{8967AA80-2C6C-4D72-A37D-C869D37CBA9F}.Release|Any CPU.ActiveCfg = Release|Any CPU
		{8967AA80-2C6C-4D72-A37D-C869D37CBA9F}.Release|Any CPU.Build.0 = Release|Any CPU
		{061F32F4-484C-42EE-90B1-444277C72425}.Debug|Any CPU.ActiveCfg = Debug|Any CPU
		{061F32F4-484C-42EE-90B1-444277C72425}.Debug|Any CPU.Build.0 = Debug|Any CPU
		{061F32F4-484C-42EE-90B1-444277C72425}.Release|Any CPU.ActiveCfg = Release|Any CPU
		{061F32F4-484C-42EE-90B1-444277C72425}.Release|Any CPU.Build.0 = Release|Any CPU
		{213123AB-224D-48A4-8F2F-E1944076C62E}.Debug|Any CPU.ActiveCfg = Debug|Any CPU
		{213123AB-224D-48A4-8F2F-E1944076C62E}.Debug|Any CPU.Build.0 = Debug|Any CPU
		{213123AB-224D-48A4-8F2F-E1944076C62E}.Release|Any CPU.ActiveCfg = Release|Any CPU
		{213123AB-224D-48A4-8F2F-E1944076C62E}.Release|Any CPU.Build.0 = Release|Any CPU
		{7303A03D-C48C-408A-8ABE-FDD9B720BDE0}.Debug|Any CPU.ActiveCfg = Debug|Any CPU
		{7303A03D-C48C-408A-8ABE-FDD9B720BDE0}.Debug|Any CPU.Build.0 = Debug|Any CPU
		{7303A03D-C48C-408A-8ABE-FDD9B720BDE0}.Release|Any CPU.ActiveCfg = Release|Any CPU
		{7303A03D-C48C-408A-8ABE-FDD9B720BDE0}.Release|Any CPU.Build.0 = Release|Any CPU
		{2CA3DAA1-0471-4CC9-8CA4-4D239AD229DF}.Debug|Any CPU.ActiveCfg = Debug|Any CPU
		{2CA3DAA1-0471-4CC9-8CA4-4D239AD229DF}.Debug|Any CPU.Build.0 = Debug|Any CPU
		{2CA3DAA1-0471-4CC9-8CA4-4D239AD229DF}.Release|Any CPU.ActiveCfg = Release|Any CPU
		{2CA3DAA1-0471-4CC9-8CA4-4D239AD229DF}.Release|Any CPU.Build.0 = Release|Any CPU
		{DC0BC440-48EE-401F-A5FB-93ED56333196}.Debug|Any CPU.ActiveCfg = Debug|Any CPU
		{DC0BC440-48EE-401F-A5FB-93ED56333196}.Debug|Any CPU.Build.0 = Debug|Any CPU
		{DC0BC440-48EE-401F-A5FB-93ED56333196}.Release|Any CPU.ActiveCfg = Release|Any CPU
		{DC0BC440-48EE-401F-A5FB-93ED56333196}.Release|Any CPU.Build.0 = Release|Any CPU
	EndGlobalSection
	GlobalSection(SolutionProperties) = preSolution
		HideSolutionNode = FALSE
	EndGlobalSection
	GlobalSection(ExtensibilityGlobals) = postSolution
		SolutionGuid = {AD7BABCA-8EEB-40CD-BB88-3ED9FEFB65B8}
	EndGlobalSection
EndGlobal
